
Microsoft Visual Studio Solution File, Format Version 12.00
# Visual Studio Version 17
VisualStudioVersion = 17.7.34221.43
MinimumVisualStudioVersion = 10.0.40219.1
Project("{FAE04EC0-301F-11D3-BF4B-00C04F79EFBC}") = "Visma", "Visma\Visma.csproj", "{98A868AE-EB84-44F3-A484-1023F03B3FEE}"
EndProject
Global
	GlobalSection(SolutionConfigurationPlatforms) = preSolution
		Debug|Any CPU = Debug|Any CPU
		Release|Any CPU = Release|Any CPU
	EndGlobalSection
	GlobalSection(ProjectConfigurationPlatforms) = postSolution
		{98A868AE-EB84-44F3-A484-1023F03B3FEE}.Debug|Any CPU.ActiveCfg = Debug|Any CPU
		{98A868AE-EB84-44F3-A484-1023F03B3FEE}.Debug|Any CPU.Build.0 = Debug|Any CPU
		{98A868AE-EB84-44F3-A484-1023F03B3FEE}.Release|Any CPU.ActiveCfg = Release|Any CPU
		{98A868AE-EB84-44F3-A484-1023F03B3FEE}.Release|Any CPU.Build.0 = Release|Any CPU
	EndGlobalSection
	GlobalSection(SolutionProperties) = preSolution
		HideSolutionNode = FALSE
	EndGlobalSection
	GlobalSection(ExtensibilityGlobals) = postSolution
		SolutionGuid = {4DDDAE4F-13CD-43D0-9C77-81A4D5254110}
	EndGlobalSection
EndGlobal
